
Microsoft Visual Studio Solution File, Format Version 12.00
# Visual Studio Version 17
VisualStudioVersion = 17.12.35506.116 d17.12
MinimumVisualStudioVersion = 10.0.40219.1
Project("{FAE04EC0-301F-11D3-BF4B-00C04F79EFBC}") = "MoneyTransfer.Web", "MoneyTransfer.Web\MoneyTransfer.Web.csproj", "{BC230124-A113-4AC9-A0B2-25A44F93B435}"
EndProject
Project("{FAE04EC0-301F-11D3-BF4B-00C04F79EFBC}") = "MoneyTransfer.Core", "MoneyTransfer.Core\MoneyTransfer.Core.csproj", "{F6009CF2-5A99-415A-A992-E92AC53419FC}"
EndProject
Project("{FAE04EC0-301F-11D3-BF4B-00C04F79EFBC}") = "MoneyTransfer.Data", "MoneyTransfer.Data\MoneyTransfer.Data.csproj", "{90A9A80E-3ADD-4888-B5CB-24973E38E11D}"
EndProject
Global
	GlobalSection(SolutionConfigurationPlatforms) = preSolution
		Debug|Any CPU = Debug|Any CPU
		Release|Any CPU = Release|Any CPU
	EndGlobalSection
	GlobalSection(ProjectConfigurationPlatforms) = postSolution
		{BC230124-A113-4AC9-A0B2-25A44F93B435}.Debug|Any CPU.ActiveCfg = Debug|Any CPU
		{BC230124-A113-4AC9-A0B2-25A44F93B435}.Debug|Any CPU.Build.0 = Debug|Any CPU
		{BC230124-A113-4AC9-A0B2-25A44F93B435}.Release|Any CPU.ActiveCfg = Release|Any CPU
		{BC230124-A113-4AC9-A0B2-25A44F93B435}.Release|Any CPU.Build.0 = Release|Any CPU
		{F6009CF2-5A99-415A-A992-E92AC53419FC}.Debug|Any CPU.ActiveCfg = Debug|Any CPU
		{F6009CF2-5A99-415A-A992-E92AC53419FC}.Debug|Any CPU.Build.0 = Debug|Any CPU
		{F6009CF2-5A99-415A-A992-E92AC53419FC}.Release|Any CPU.ActiveCfg = Release|Any CPU
		{F6009CF2-5A99-415A-A992-E92AC53419FC}.Release|Any CPU.Build.0 = Release|Any CPU
		{90A9A80E-3ADD-4888-B5CB-24973E38E11D}.Debug|Any CPU.ActiveCfg = Debug|Any CPU
		{90A9A80E-3ADD-4888-B5CB-24973E38E11D}.Debug|Any CPU.Build.0 = Debug|Any CPU
		{90A9A80E-3ADD-4888-B5CB-24973E38E11D}.Release|Any CPU.ActiveCfg = Release|Any CPU
		{90A9A80E-3ADD-4888-B5CB-24973E38E11D}.Release|Any CPU.Build.0 = Release|Any CPU
	EndGlobalSection
	GlobalSection(SolutionProperties) = preSolution
		HideSolutionNode = FALSE
	EndGlobalSection
EndGlobal
